
Microsoft Visual Studio Solution File, Format Version 12.00
# Visual Studio Version 16
VisualStudioVersion = 16.0.30804.86
MinimumVisualStudioVersion = 10.0.40219.1
Project("{FAE04EC0-301F-11D3-BF4B-00C04F79EFBC}") = "TaxCalculator.C21.Console", "TaxCalculator.C21.Console\TaxCalculator.C21.Console.csproj", "{6F2E3D04-EB9A-481F-90E0-9ACB58B7D97C}"
EndProject
Project("{FAE04EC0-301F-11D3-BF4B-00C04F79EFBC}") = "TaxCalculator.C21.Services", "TaxCalculator.C21.Services\TaxCalculator.C21.Services.csproj", "{638255C0-B6F5-4ABE-820E-6FC7F554CC62}"
EndProject
Project("{FAE04EC0-301F-11D3-BF4B-00C04F79EFBC}") = "TaxCalculator.C21.Common", "TaxCalculator.C21.Common\TaxCalculator.C21.Common.csproj", "{B2042C47-5510-472A-965A-912D72C6E127}"
EndProject
Project("{FAE04EC0-301F-11D3-BF4B-00C04F79EFBC}") = "TaxCalculator.C21.Tests", "TaxCalculator.C21.Tests\TaxCalculator.C21.Tests.csproj", "{F867E198-707A-49A9-AEAC-092FA3140BE6}"
EndProject
Global
	GlobalSection(SolutionConfigurationPlatforms) = preSolution
		Debug|Any CPU = Debug|Any CPU
		Release|Any CPU = Release|Any CPU
	EndGlobalSection
	GlobalSection(ProjectConfigurationPlatforms) = postSolution
		{6F2E3D04-EB9A-481F-90E0-9ACB58B7D97C}.Debug|Any CPU.ActiveCfg = Debug|Any CPU
		{6F2E3D04-EB9A-481F-90E0-9ACB58B7D97C}.Debug|Any CPU.Build.0 = Debug|Any CPU
		{6F2E3D04-EB9A-481F-90E0-9ACB58B7D97C}.Release|Any CPU.ActiveCfg = Release|Any CPU
		{6F2E3D04-EB9A-481F-90E0-9ACB58B7D97C}.Release|Any CPU.Build.0 = Release|Any CPU
		{638255C0-B6F5-4ABE-820E-6FC7F554CC62}.Debug|Any CPU.ActiveCfg = Debug|Any CPU
		{638255C0-B6F5-4ABE-820E-6FC7F554CC62}.Debug|Any CPU.Build.0 = Debug|Any CPU
		{638255C0-B6F5-4ABE-820E-6FC7F554CC62}.Release|Any CPU.ActiveCfg = Release|Any CPU
		{638255C0-B6F5-4ABE-820E-6FC7F554CC62}.Release|Any CPU.Build.0 = Release|Any CPU
		{B2042C47-5510-472A-965A-912D72C6E127}.Debug|Any CPU.ActiveCfg = Debug|Any CPU
		{B2042C47-5510-472A-965A-912D72C6E127}.Debug|Any CPU.Build.0 = Debug|Any CPU
		{B2042C47-5510-472A-965A-912D72C6E127}.Release|Any CPU.ActiveCfg = Release|Any CPU
		{B2042C47-5510-472A-965A-912D72C6E127}.Release|Any CPU.Build.0 = Release|Any CPU
		{F867E198-707A-49A9-AEAC-092FA3140BE6}.Debug|Any CPU.ActiveCfg = Debug|Any CPU
		{F867E198-707A-49A9-AEAC-092FA3140BE6}.Debug|Any CPU.Build.0 = Debug|Any CPU
		{F867E198-707A-49A9-AEAC-092FA3140BE6}.Release|Any CPU.ActiveCfg = Release|Any CPU
		{F867E198-707A-49A9-AEAC-092FA3140BE6}.Release|Any CPU.Build.0 = Release|Any CPU
	EndGlobalSection
	GlobalSection(SolutionProperties) = preSolution
		HideSolutionNode = FALSE
	EndGlobalSection
	GlobalSection(ExtensibilityGlobals) = postSolution
		SolutionGuid = {E4AA0C93-A7C1-4FA8-88FB-71F4EA0A5108}
	EndGlobalSection
EndGlobal
